
Microsoft Visual Studio Solution File, Format Version 12.00
# Visual Studio Version 17
VisualStudioVersion = 17.12.35506.116
MinimumVisualStudioVersion = 10.0.40219.1
Project("{FAE04EC0-301F-11D3-BF4B-00C04F79EFBC}") = "YACEE.WEB.APP", "WEB\YACEE.WEB.APP\YACEE.WEB.APP.csproj", "{05A6CEFB-892E-4955-94DF-69EC06AFA157}"
EndProject
Project("{2150E333-8FDC-42A3-9474-1A3956D46DE8}") = "WEB", "WEB", "{E05D2106-12D5-472C-B585-E3216B48677F}"
EndProject
Project("{FAE04EC0-301F-11D3-BF4B-00C04F79EFBC}") = "YACEE.WEB.Infrastructure", "WEB\YACEE.WEB.Infrastructure\YACEE.WEB.Infrastructure.csproj", "{2023664F-3925-495E-B9A8-BE3C7251A931}"
EndProject
Project("{FAE04EC0-301F-11D3-BF4B-00C04F79EFBC}") = "YACEE.WEB.Core", "WEB\YACEE.WEB.Core\YACEE.WEB.Core.csproj", "{C30745E2-C457-4B90-A29B-2637F9967D69}"
EndProject
Project("{FAE04EC0-301F-11D3-BF4B-00C04F79EFBC}") = "YACEE.WEB.Models", "WEB\YACEE.WEB.Models\YACEE.WEB.Models.csproj", "{D60BF8AC-D47F-4F77-856B-7823E9BB211E}"
EndProject
Project("{FAE04EC0-301F-11D3-BF4B-00C04F79EFBC}") = "YACEE.WEB.Dtos", "WEB\YACEE.WEB.Dtos\YACEE.WEB.Dtos.csproj", "{F2090AD6-B58E-4236-9767-8C74610D1699}"
EndProject
Project("{FAE04EC0-301F-11D3-BF4B-00C04F79EFBC}") = "YACEE.WEB.Abstraction", "YACEE.WEB.Abstraction\YACEE.WEB.Abstraction.csproj", "{0CE48CC0-EE54-488E-A6DA-F1FFCF71E8F8}"
EndProject
Project("{FAE04EC0-301F-11D3-BF4B-00C04F79EFBC}") = "Infrastructure.Common", "Infrastructure.Common\Infrastructure.Common.csproj", "{6D3581D8-BE8F-4F27-862D-F58C89673F66}"
EndProject
Project("{2150E333-8FDC-42A3-9474-1A3956D46DE8}") = "SQLScripts", "SQLScripts", "{6287E801-4FBC-442F-8ECD-83AC633506D9}"
EndProject
Global
	GlobalSection(SolutionConfigurationPlatforms) = preSolution
		Debug|Any CPU = Debug|Any CPU
		Release|Any CPU = Release|Any CPU
	EndGlobalSection
	GlobalSection(ProjectConfigurationPlatforms) = postSolution
		{05A6CEFB-892E-4955-94DF-69EC06AFA157}.Debug|Any CPU.ActiveCfg = Debug|Any CPU
		{05A6CEFB-892E-4955-94DF-69EC06AFA157}.Debug|Any CPU.Build.0 = Debug|Any CPU
		{05A6CEFB-892E-4955-94DF-69EC06AFA157}.Release|Any CPU.ActiveCfg = Release|Any CPU
		{05A6CEFB-892E-4955-94DF-69EC06AFA157}.Release|Any CPU.Build.0 = Release|Any CPU
		{2023664F-3925-495E-B9A8-BE3C7251A931}.Debug|Any CPU.ActiveCfg = Debug|Any CPU
		{2023664F-3925-495E-B9A8-BE3C7251A931}.Debug|Any CPU.Build.0 = Debug|Any CPU
		{2023664F-3925-495E-B9A8-BE3C7251A931}.Release|Any CPU.ActiveCfg = Release|Any CPU
		{2023664F-3925-495E-B9A8-BE3C7251A931}.Release|Any CPU.Build.0 = Release|Any CPU
		{C30745E2-C457-4B90-A29B-2637F9967D69}.Debug|Any CPU.ActiveCfg = Debug|Any CPU
		{C30745E2-C457-4B90-A29B-2637F9967D69}.Debug|Any CPU.Build.0 = Debug|Any CPU
		{C30745E2-C457-4B90-A29B-2637F9967D69}.Release|Any CPU.ActiveCfg = Release|Any CPU
		{C30745E2-C457-4B90-A29B-2637F9967D69}.Release|Any CPU.Build.0 = Release|Any CPU
		{D60BF8AC-D47F-4F77-856B-7823E9BB211E}.Debug|Any CPU.ActiveCfg = Debug|Any CPU
		{D60BF8AC-D47F-4F77-856B-7823E9BB211E}.Debug|Any CPU.Build.0 = Debug|Any CPU
		{D60BF8AC-D47F-4F77-856B-7823E9BB211E}.Release|Any CPU.ActiveCfg = Release|Any CPU
		{D60BF8AC-D47F-4F77-856B-7823E9BB211E}.Release|Any CPU.Build.0 = Release|Any CPU
		{F2090AD6-B58E-4236-9767-8C74610D1699}.Debug|Any CPU.ActiveCfg = Debug|Any CPU
		{F2090AD6-B58E-4236-9767-8C74610D1699}.Debug|Any CPU.Build.0 = Debug|Any CPU
		{F2090AD6-B58E-4236-9767-8C74610D1699}.Release|Any CPU.ActiveCfg = Release|Any CPU
		{F2090AD6-B58E-4236-9767-8C74610D1699}.Release|Any CPU.Build.0 = Release|Any CPU
		{0CE48CC0-EE54-488E-A6DA-F1FFCF71E8F8}.Debug|Any CPU.ActiveCfg = Debug|Any CPU
		{0CE48CC0-EE54-488E-A6DA-F1FFCF71E8F8}.Debug|Any CPU.Build.0 = Debug|Any CPU
		{0CE48CC0-EE54-488E-A6DA-F1FFCF71E8F8}.Release|Any CPU.ActiveCfg = Release|Any CPU
		{0CE48CC0-EE54-488E-A6DA-F1FFCF71E8F8}.Release|Any CPU.Build.0 = Release|Any CPU
		{6D3581D8-BE8F-4F27-862D-F58C89673F66}.Debug|Any CPU.ActiveCfg = Debug|Any CPU
		{6D3581D8-BE8F-4F27-862D-F58C89673F66}.Debug|Any CPU.Build.0 = Debug|Any CPU
		{6D3581D8-BE8F-4F27-862D-F58C89673F66}.Release|Any CPU.ActiveCfg = Release|Any CPU
		{6D3581D8-BE8F-4F27-862D-F58C89673F66}.Release|Any CPU.Build.0 = Release|Any CPU
	EndGlobalSection
	GlobalSection(SolutionProperties) = preSolution
		HideSolutionNode = FALSE
	EndGlobalSection
	GlobalSection(NestedProjects) = preSolution
		{05A6CEFB-892E-4955-94DF-69EC06AFA157} = {E05D2106-12D5-472C-B585-E3216B48677F}
		{2023664F-3925-495E-B9A8-BE3C7251A931} = {E05D2106-12D5-472C-B585-E3216B48677F}
		{C30745E2-C457-4B90-A29B-2637F9967D69} = {E05D2106-12D5-472C-B585-E3216B48677F}
		{D60BF8AC-D47F-4F77-856B-7823E9BB211E} = {E05D2106-12D5-472C-B585-E3216B48677F}
		{F2090AD6-B58E-4236-9767-8C74610D1699} = {E05D2106-12D5-472C-B585-E3216B48677F}
		{0CE48CC0-EE54-488E-A6DA-F1FFCF71E8F8} = {E05D2106-12D5-472C-B585-E3216B48677F}
	EndGlobalSection
EndGlobal
